// !$*UTF8*$!
{
	archiveVersion = 1;
	classes = {
	};
	objectVersion = 46;
	objects = {

/* Begin PBXBuildFile section */
		492BCD7D157DB727003A8CF7 /* btn_central_button.png in Resources */ = {isa = PBXBuildFile; fileRef = 492BCD7C157DB727003A8CF7 /* btn_central_button.png */; };
		4977E9481585C47A007A7E52 /* TechRadarContent.m in Sources */ = {isa = PBXBuildFile; fileRef = 4977E9471585C47A007A7E52 /* TechRadarContent.m */; };
		49B2FFDC15F49F940094E45A /* wheel_front_control_panel.png in Resources */ = {isa = PBXBuildFile; fileRef = 49B2FFDB15F49F930094E45A /* wheel_front_control_panel.png */; };
		49B2FFDF15F49F9D0094E45A /* naviboard half circle.png in Resources */ = {isa = PBXBuildFile; fileRef = 49B2FFDE15F49F9D0094E45A /* naviboard half circle.png */; };
		F10565B0157E2DAE009D4C31 /* TRItemsViewController.m in Sources */ = {isa = PBXBuildFile; fileRef = F10565AF157E2DAE009D4C31 /* TRItemsViewController.m */; };
		F10565B5157E312F009D4C31 /* TRItemsPanel.m in Sources */ = {isa = PBXBuildFile; fileRef = F10565B4157E312F009D4C31 /* TRItemsPanel.m */; };
		F10565B7157E325D009D4C31 /* QuartzCore.framework in Frameworks */ = {isa = PBXBuildFile; fileRef = F10565B6157E325D009D4C31 /* QuartzCore.framework */; };
		F115B51B15A5750800D81272 /* TRItem.m in Sources */ = {isa = PBXBuildFile; fileRef = F115B51A15A5750800D81272 /* TRItem.m */; };
		F130F3141590B78D00E27F0D /* shining.png in Resources */ = {isa = PBXBuildFile; fileRef = F130F3131590B78D00E27F0D /* shining.png */; };
		F147A4BE15DE47C7004C4ACC /* arrow@2x.png in Resources */ = {isa = PBXBuildFile; fileRef = F147A4BB15DE47C7004C4ACC /* arrow@2x.png */; };
		F147A4BF15DE47C7004C4ACC /* background@2x.png in Resources */ = {isa = PBXBuildFile; fileRef = F147A4BC15DE47C7004C4ACC /* background@2x.png */; };
		F147A4C015DE47C7004C4ACC /* naviboard@2x.png in Resources */ = {isa = PBXBuildFile; fileRef = F147A4BD15DE47C7004C4ACC /* naviboard@2x.png */; };
		F147A4C415DE4861004C4ACC /* arrow.png in Resources */ = {isa = PBXBuildFile; fileRef = F147A4C115DE4861004C4ACC /* arrow.png */; };
		F147A4C515DE4861004C4ACC /* background.png in Resources */ = {isa = PBXBuildFile; fileRef = F147A4C215DE4861004C4ACC /* background.png */; };
		F147A4C615DE4861004C4ACC /* naviboard.png in Resources */ = {isa = PBXBuildFile; fileRef = F147A4C315DE4861004C4ACC /* naviboard.png */; };
		F1773D5C15AAC215008DFA34 /* TRItemsPanelLayout.m in Sources */ = {isa = PBXBuildFile; fileRef = F1773D5B15AAC215008DFA34 /* TRItemsPanelLayout.m */; };
		F19E1411157CA41100B49AE5 /* UIKit.framework in Frameworks */ = {isa = PBXBuildFile; fileRef = F19E1410157CA41100B49AE5 /* UIKit.framework */; };
		F19E1413157CA41100B49AE5 /* Foundation.framework in Frameworks */ = {isa = PBXBuildFile; fileRef = F19E1412157CA41100B49AE5 /* Foundation.framework */; };
		F19E1415157CA41100B49AE5 /* CoreGraphics.framework in Frameworks */ = {isa = PBXBuildFile; fileRef = F19E1414157CA41100B49AE5 /* CoreGraphics.framework */; };
		F19E1417157CA41100B49AE5 /* CoreData.framework in Frameworks */ = {isa = PBXBuildFile; fileRef = F19E1416157CA41100B49AE5 /* CoreData.framework */; };
		F19E141D157CA41100B49AE5 /* InfoPlist.strings in Resources */ = {isa = PBXBuildFile; fileRef = F19E141B157CA41100B49AE5 /* InfoPlist.strings */; };
		F19E141F157CA41100B49AE5 /* main.m in Sources */ = {isa = PBXBuildFile; fileRef = F19E141E157CA41100B49AE5 /* main.m */; };
		F19E1423157CA41100B49AE5 /* TechRadarAppDelegate.m in Sources */ = {isa = PBXBuildFile; fileRef = F19E1422157CA41100B49AE5 /* TechRadarAppDelegate.m */; };
		F19E1426157CA41100B49AE5 /* TechRadar.xcdatamodeld in Sources */ = {isa = PBXBuildFile; fileRef = F19E1424157CA41100B49AE5 /* TechRadar.xcdatamodeld */; };
		F19E142E157CA41100B49AE5 /* SenTestingKit.framework in Frameworks */ = {isa = PBXBuildFile; fileRef = F19E142D157CA41100B49AE5 /* SenTestingKit.framework */; };
		F19E142F157CA41100B49AE5 /* UIKit.framework in Frameworks */ = {isa = PBXBuildFile; fileRef = F19E1410157CA41100B49AE5 /* UIKit.framework */; };
		F19E1430157CA41100B49AE5 /* Foundation.framework in Frameworks */ = {isa = PBXBuildFile; fileRef = F19E1412157CA41100B49AE5 /* Foundation.framework */; };
		F19E1431157CA41100B49AE5 /* CoreData.framework in Frameworks */ = {isa = PBXBuildFile; fileRef = F19E1416157CA41100B49AE5 /* CoreData.framework */; };
		F19E1439157CA41100B49AE5 /* InfoPlist.strings in Resources */ = {isa = PBXBuildFile; fileRef = F19E1437157CA41100B49AE5 /* InfoPlist.strings */; };
		F19E143C157CA41100B49AE5 /* TechRadarTests.m in Sources */ = {isa = PBXBuildFile; fileRef = F19E143B157CA41100B49AE5 /* TechRadarTests.m */; };
		F19E1453157CAC2C00B49AE5 /* icon_app.png in Resources */ = {isa = PBXBuildFile; fileRef = F19E1451157CAC2C00B49AE5 /* icon_app.png */; };
		F19E1454157CAC2C00B49AE5 /* icon_app@2x.png in Resources */ = {isa = PBXBuildFile; fileRef = F19E1452157CAC2C00B49AE5 /* icon_app@2x.png */; };
		F1C5BB5815F44CED00E02764 /* WMWheel.m in Sources */ = {isa = PBXBuildFile; fileRef = F1C5BB5515F44CED00E02764 /* WMWheel.m */; };
		F1C5BB5915F44CED00E02764 /* WMWheelItem.m in Sources */ = {isa = PBXBuildFile; fileRef = F1C5BB5715F44CED00E02764 /* WMWheelItem.m */; };
		F1C5BB5E15F44D4400E02764 /* wheel_background.png in Resources */ = {isa = PBXBuildFile; fileRef = F1C5BB5B15F44D4400E02764 /* wheel_background.png */; };
		F1C5BB5F15F44D4400E02764 /* wheel_indicator.png in Resources */ = {isa = PBXBuildFile; fileRef = F1C5BB5C15F44D4400E02764 /* wheel_indicator.png */; };
		F1C5BB6015F44D4400E02764 /* wheel_overlay.png in Resources */ = {isa = PBXBuildFile; fileRef = F1C5BB5D15F44D4400E02764 /* wheel_overlay.png */; };
		F1DDF2C515860780007F0412 /* TRMainViewController.m in Sources */ = {isa = PBXBuildFile; fileRef = F1DDF2C415860780007F0412 /* TRMainViewController.m */; };
		F1E5968215EB308600C805E2 /* 1 in Resources */ = {isa = PBXBuildFile; fileRef = F1E5967E15EB308600C805E2 /* 1 */; };
		F1E5968315EB308600C805E2 /* 2.png in Resources */ = {isa = PBXBuildFile; fileRef = F1E5967F15EB308600C805E2 /* 2.png */; };
		F1E5968415EB308600C805E2 /* 3.png in Resources */ = {isa = PBXBuildFile; fileRef = F1E5968015EB308600C805E2 /* 3.png */; };
		F1E5968515EB308600C805E2 /* 4.png in Resources */ = {isa = PBXBuildFile; fileRef = F1E5968115EB308600C805E2 /* 4.png */; };
		F1E5968B15EB309B00C805E2 /* 1@2x in Resources */ = {isa = PBXBuildFile; fileRef = F1E5968715EB309B00C805E2 /* 1@2x */; };
		F1E5968C15EB309B00C805E2 /* 2@2x.png in Resources */ = {isa = PBXBuildFile; fileRef = F1E5968815EB309B00C805E2 /* 2@2x.png */; };
		F1E5968D15EB309B00C805E2 /* 3@2x.png in Resources */ = {isa = PBXBuildFile; fileRef = F1E5968915EB309B00C805E2 /* 3@2x.png */; };
		F1E5968E15EB309B00C805E2 /* 4@2x.png in Resources */ = {isa = PBXBuildFile; fileRef = F1E5968A15EB309B00C805E2 /* 4@2x.png */; };
/* End PBXBuildFile section */

/* Begin PBXContainerItemProxy section */
		F19E1432157CA41100B49AE5 /* PBXContainerItemProxy */ = {
			isa = PBXContainerItemProxy;
			containerPortal = F19E1403157CA41100B49AE5 /* Project object */;
			proxyType = 1;
			remoteGlobalIDString = F19E140B157CA41100B49AE5;
			remoteInfo = TechRadar;
		};
/* End PBXContainerItemProxy section */

/* Begin PBXFileReference section */
		492BCD7C157DB727003A8CF7 /* btn_central_button.png */ = {isa = PBXFileReference; lastKnownFileType = image.png; path = btn_central_button.png; sourceTree = "<group>"; };
		4977E8D515839A53007A7E52 /* TechRadarConstants.h */ = {isa = PBXFileReference; fileEncoding = 4; lastKnownFileType = sourcecode.c.h; path = TechRadarConstants.h; sourceTree = "<group>"; };
		4977E9461585C47A007A7E52 /* TechRadarContent.h */ = {isa = PBXFileReference; fileEncoding = 4; lastKnownFileType = sourcecode.c.h; path = TechRadarContent.h; sourceTree = "<group>"; };
		4977E9471585C47A007A7E52 /* TechRadarContent.m */ = {isa = PBXFileReference; fileEncoding = 4; lastKnownFileType = sourcecode.c.objc; path = TechRadarContent.m; sourceTree = "<group>"; };
		49B2FFDB15F49F930094E45A /* wheel_front_control_panel.png */ = {isa = PBXFileReference; lastKnownFileType = image.png; path = wheel_front_control_panel.png; sourceTree = "<group>"; };
		49B2FFDE15F49F9D0094E45A /* naviboard half circle.png */ = {isa = PBXFileReference; lastKnownFileType = image.png; path = "naviboard half circle.png"; sourceTree = "<group>"; };
		F10565AE157E2DAD009D4C31 /* TRItemsViewController.h */ = {isa = PBXFileReference; fileEncoding = 4; lastKnownFileType = sourcecode.c.h; path = TRItemsViewController.h; sourceTree = "<group>"; };
		F10565AF157E2DAE009D4C31 /* TRItemsViewController.m */ = {isa = PBXFileReference; fileEncoding = 4; lastKnownFileType = sourcecode.c.objc; path = TRItemsViewController.m; sourceTree = "<group>"; };
		F10565B3157E312F009D4C31 /* TRItemsPanel.h */ = {isa = PBXFileReference; fileEncoding = 4; lastKnownFileType = sourcecode.c.h; path = TRItemsPanel.h; sourceTree = "<group>"; };
		F10565B4157E312F009D4C31 /* TRItemsPanel.m */ = {isa = PBXFileReference; fileEncoding = 4; lastKnownFileType = sourcecode.c.objc; path = TRItemsPanel.m; sourceTree = "<group>"; };
		F10565B6157E325D009D4C31 /* QuartzCore.framework */ = {isa = PBXFileReference; lastKnownFileType = wrapper.framework; name = QuartzCore.framework; path = System/Library/Frameworks/QuartzCore.framework; sourceTree = SDKROOT; };
		F115B51915A5750800D81272 /* TRItem.h */ = {isa = PBXFileReference; fileEncoding = 4; lastKnownFileType = sourcecode.c.h; path = TRItem.h; sourceTree = "<group>"; };
		F115B51A15A5750800D81272 /* TRItem.m */ = {isa = PBXFileReference; fileEncoding = 4; lastKnownFileType = sourcecode.c.objc; path = TRItem.m; sourceTree = "<group>"; };
		F130F3131590B78D00E27F0D /* shining.png */ = {isa = PBXFileReference; lastKnownFileType = image.png; path = shining.png; sourceTree = "<group>"; };
		F147A4BB15DE47C7004C4ACC /* arrow@2x.png */ = {isa = PBXFileReference; lastKnownFileType = image.png; path = "arrow@2x.png"; sourceTree = "<group>"; };
		F147A4BC15DE47C7004C4ACC /* background@2x.png */ = {isa = PBXFileReference; lastKnownFileType = image.png; path = "background@2x.png"; sourceTree = "<group>"; };
		F147A4BD15DE47C7004C4ACC /* naviboard@2x.png */ = {isa = PBXFileReference; lastKnownFileType = image.png; path = "naviboard@2x.png"; sourceTree = "<group>"; };
		F147A4C115DE4861004C4ACC /* arrow.png */ = {isa = PBXFileReference; lastKnownFileType = image.png; path = arrow.png; sourceTree = "<group>"; };
		F147A4C215DE4861004C4ACC /* background.png */ = {isa = PBXFileReference; lastKnownFileType = image.png; path = background.png; sourceTree = "<group>"; };
		F147A4C315DE4861004C4ACC /* naviboard.png */ = {isa = PBXFileReference; lastKnownFileType = image.png; path = naviboard.png; sourceTree = "<group>"; };
		F149E90F157CBB04006099C3 /* Debug.xcconfig */ = {isa = PBXFileReference; lastKnownFileType = text.xcconfig; path = Debug.xcconfig; sourceTree = "<group>"; };
		F149E910157CBB10006099C3 /* Release.xcconfig */ = {isa = PBXFileReference; lastKnownFileType = text.xcconfig; path = Release.xcconfig; sourceTree = "<group>"; };
		F149E911157CBB1C006099C3 /* Shared.xcconfig */ = {isa = PBXFileReference; lastKnownFileType = text.xcconfig; path = Shared.xcconfig; sourceTree = "<group>"; };
		F1773D5A15AAC215008DFA34 /* TRItemsPanelLayout.h */ = {isa = PBXFileReference; fileEncoding = 4; lastKnownFileType = sourcecode.c.h; path = TRItemsPanelLayout.h; sourceTree = "<group>"; };
		F1773D5B15AAC215008DFA34 /* TRItemsPanelLayout.m */ = {isa = PBXFileReference; fileEncoding = 4; lastKnownFileType = sourcecode.c.objc; path = TRItemsPanelLayout.m; sourceTree = "<group>"; };
		F19E140C157CA41100B49AE5 /* TechRadar.app */ = {isa = PBXFileReference; explicitFileType = wrapper.application; includeInIndex = 0; path = TechRadar.app; sourceTree = BUILT_PRODUCTS_DIR; };
		F19E1410157CA41100B49AE5 /* UIKit.framework */ = {isa = PBXFileReference; lastKnownFileType = wrapper.framework; name = UIKit.framework; path = System/Library/Frameworks/UIKit.framework; sourceTree = SDKROOT; };
		F19E1412157CA41100B49AE5 /* Foundation.framework */ = {isa = PBXFileReference; lastKnownFileType = wrapper.framework; name = Foundation.framework; path = System/Library/Frameworks/Foundation.framework; sourceTree = SDKROOT; };
		F19E1414157CA41100B49AE5 /* CoreGraphics.framework */ = {isa = PBXFileReference; lastKnownFileType = wrapper.framework; name = CoreGraphics.framework; path = System/Library/Frameworks/CoreGraphics.framework; sourceTree = SDKROOT; };
		F19E1416157CA41100B49AE5 /* CoreData.framework */ = {isa = PBXFileReference; lastKnownFileType = wrapper.framework; name = CoreData.framework; path = System/Library/Frameworks/CoreData.framework; sourceTree = SDKROOT; };
		F19E141A157CA41100B49AE5 /* TechRadar-Info.plist */ = {isa = PBXFileReference; lastKnownFileType = text.plist.xml; path = "TechRadar-Info.plist"; sourceTree = "<group>"; };
		F19E141C157CA41100B49AE5 /* en */ = {isa = PBXFileReference; lastKnownFileType = text.plist.strings; name = en; path = en.lproj/InfoPlist.strings; sourceTree = "<group>"; };
		F19E141E157CA41100B49AE5 /* main.m */ = {isa = PBXFileReference; lastKnownFileType = sourcecode.c.objc; path = main.m; sourceTree = "<group>"; };
		F19E1420157CA41100B49AE5 /* TechRadar-Prefix.pch */ = {isa = PBXFileReference; lastKnownFileType = sourcecode.c.h; path = "TechRadar-Prefix.pch"; sourceTree = "<group>"; };
		F19E1421157CA41100B49AE5 /* TechRadarAppDelegate.h */ = {isa = PBXFileReference; lastKnownFileType = sourcecode.c.h; path = TechRadarAppDelegate.h; sourceTree = "<group>"; };
		F19E1422157CA41100B49AE5 /* TechRadarAppDelegate.m */ = {isa = PBXFileReference; lastKnownFileType = sourcecode.c.objc; path = TechRadarAppDelegate.m; sourceTree = "<group>"; };
		F19E1425157CA41100B49AE5 /* TechRadar.xcdatamodel */ = {isa = PBXFileReference; lastKnownFileType = wrapper.xcdatamodel; path = TechRadar.xcdatamodel; sourceTree = "<group>"; };
		F19E142C157CA41100B49AE5 /* TechRadarTests.octest */ = {isa = PBXFileReference; explicitFileType = wrapper.cfbundle; includeInIndex = 0; path = TechRadarTests.octest; sourceTree = BUILT_PRODUCTS_DIR; };
		F19E142D157CA41100B49AE5 /* SenTestingKit.framework */ = {isa = PBXFileReference; lastKnownFileType = wrapper.framework; name = SenTestingKit.framework; path = Library/Frameworks/SenTestingKit.framework; sourceTree = DEVELOPER_DIR; };
		F19E1436157CA41100B49AE5 /* TechRadarTests-Info.plist */ = {isa = PBXFileReference; lastKnownFileType = text.plist.xml; path = "TechRadarTests-Info.plist"; sourceTree = "<group>"; };
		F19E1438157CA41100B49AE5 /* en */ = {isa = PBXFileReference; lastKnownFileType = text.plist.strings; name = en; path = en.lproj/InfoPlist.strings; sourceTree = "<group>"; };
		F19E143A157CA41100B49AE5 /* TechRadarTests.h */ = {isa = PBXFileReference; lastKnownFileType = sourcecode.c.h; path = TechRadarTests.h; sourceTree = "<group>"; };
		F19E143B157CA41100B49AE5 /* TechRadarTests.m */ = {isa = PBXFileReference; lastKnownFileType = sourcecode.c.objc; path = TechRadarTests.m; sourceTree = "<group>"; };
		F19E1451157CAC2C00B49AE5 /* icon_app.png */ = {isa = PBXFileReference; lastKnownFileType = image.png; path = icon_app.png; sourceTree = "<group>"; };
		F19E1452157CAC2C00B49AE5 /* icon_app@2x.png */ = {isa = PBXFileReference; lastKnownFileType = image.png; path = "icon_app@2x.png"; sourceTree = "<group>"; };
		F1C5BB5415F44CED00E02764 /* WMWheel.h */ = {isa = PBXFileReference; fileEncoding = 4; lastKnownFileType = sourcecode.c.h; path = WMWheel.h; sourceTree = "<group>"; };
		F1C5BB5515F44CED00E02764 /* WMWheel.m */ = {isa = PBXFileReference; fileEncoding = 4; lastKnownFileType = sourcecode.c.objc; path = WMWheel.m; sourceTree = "<group>"; };
		F1C5BB5615F44CED00E02764 /* WMWheelItem.h */ = {isa = PBXFileReference; fileEncoding = 4; lastKnownFileType = sourcecode.c.h; path = WMWheelItem.h; sourceTree = "<group>"; };
		F1C5BB5715F44CED00E02764 /* WMWheelItem.m */ = {isa = PBXFileReference; fileEncoding = 4; lastKnownFileType = sourcecode.c.objc; path = WMWheelItem.m; sourceTree = "<group>"; };
		F1C5BB5B15F44D4400E02764 /* wheel_background.png */ = {isa = PBXFileReference; lastKnownFileType = image.png; path = wheel_background.png; sourceTree = "<group>"; };
		F1C5BB5C15F44D4400E02764 /* wheel_indicator.png */ = {isa = PBXFileReference; lastKnownFileType = image.png; path = wheel_indicator.png; sourceTree = "<group>"; };
		F1C5BB5D15F44D4400E02764 /* wheel_overlay.png */ = {isa = PBXFileReference; lastKnownFileType = image.png; path = wheel_overlay.png; sourceTree = "<group>"; };
		F1DDF2C315860780007F0412 /* TRMainViewController.h */ = {isa = PBXFileReference; fileEncoding = 4; lastKnownFileType = sourcecode.c.h; path = TRMainViewController.h; sourceTree = "<group>"; };
		F1DDF2C415860780007F0412 /* TRMainViewController.m */ = {isa = PBXFileReference; fileEncoding = 4; lastKnownFileType = sourcecode.c.objc; path = TRMainViewController.m; sourceTree = "<group>"; };
		F1E5967E15EB308600C805E2 /* 1 */ = {isa = PBXFileReference; lastKnownFileType = file; path = 1; sourceTree = "<group>"; };
		F1E5967F15EB308600C805E2 /* 2.png */ = {isa = PBXFileReference; lastKnownFileType = image.png; path = 2.png; sourceTree = "<group>"; };
		F1E5968015EB308600C805E2 /* 3.png */ = {isa = PBXFileReference; lastKnownFileType = image.png; path = 3.png; sourceTree = "<group>"; };
		F1E5968115EB308600C805E2 /* 4.png */ = {isa = PBXFileReference; lastKnownFileType = image.png; path = 4.png; sourceTree = "<group>"; };
		F1E5968715EB309B00C805E2 /* 1@2x */ = {isa = PBXFileReference; lastKnownFileType = file; path = "1@2x"; sourceTree = "<group>"; };
		F1E5968815EB309B00C805E2 /* 2@2x.png */ = {isa = PBXFileReference; lastKnownFileType = image.png; path = "2@2x.png"; sourceTree = "<group>"; };
		F1E5968915EB309B00C805E2 /* 3@2x.png */ = {isa = PBXFileReference; lastKnownFileType = image.png; path = "3@2x.png"; sourceTree = "<group>"; };
		F1E5968A15EB309B00C805E2 /* 4@2x.png */ = {isa = PBXFileReference; lastKnownFileType = image.png; path = "4@2x.png"; sourceTree = "<group>"; };
/* End PBXFileReference section */

/* Begin PBXFrameworksBuildPhase section */
		F19E1409157CA41100B49AE5 /* Frameworks */ = {
			isa = PBXFrameworksBuildPhase;
			buildActionMask = 2147483647;
			files = (
				F10565B7157E325D009D4C31 /* QuartzCore.framework in Frameworks */,
				F19E1411157CA41100B49AE5 /* UIKit.framework in Frameworks */,
				F19E1413157CA41100B49AE5 /* Foundation.framework in Frameworks */,
				F19E1415157CA41100B49AE5 /* CoreGraphics.framework in Frameworks */,
				F19E1417157CA41100B49AE5 /* CoreData.framework in Frameworks */,
			);
			runOnlyForDeploymentPostprocessing = 0;
		};
		F19E1428157CA41100B49AE5 /* Frameworks */ = {
			isa = PBXFrameworksBuildPhase;
			buildActionMask = 2147483647;
			files = (
				F19E142E157CA41100B49AE5 /* SenTestingKit.framework in Frameworks */,
				F19E142F157CA41100B49AE5 /* UIKit.framework in Frameworks */,
				F19E1430157CA41100B49AE5 /* Foundation.framework in Frameworks */,
				F19E1431157CA41100B49AE5 /* CoreData.framework in Frameworks */,
			);
			runOnlyForDeploymentPostprocessing = 0;
		};
/* End PBXFrameworksBuildPhase section */

/* Begin PBXGroup section */
		492BCD71157CED34003A8CF7 /* Controller */ = {
			isa = PBXGroup;
			children = (
				F10565AE157E2DAD009D4C31 /* TRItemsViewController.h */,
				F10565AF157E2DAE009D4C31 /* TRItemsViewController.m */,
				F1DDF2C315860780007F0412 /* TRMainViewController.h */,
				F1DDF2C415860780007F0412 /* TRMainViewController.m */,
			);
			name = Controller;
			sourceTree = "<group>";
		};
		4977E8D315839702007A7E52 /* Domain */ = {
			isa = PBXGroup;
			children = (
				4977E9461585C47A007A7E52 /* TechRadarContent.h */,
				4977E9471585C47A007A7E52 /* TechRadarContent.m */,
				4977E8D515839A53007A7E52 /* TechRadarConstants.h */,
			);
			name = Domain;
			sourceTree = "<group>";
		};
		F10565B2157E30FC009D4C31 /* View */ = {
			isa = PBXGroup;
			children = (
				F1C5BB5415F44CED00E02764 /* WMWheel.h */,
				F1C5BB5515F44CED00E02764 /* WMWheel.m */,
				F1C5BB5615F44CED00E02764 /* WMWheelItem.h */,
				F1C5BB5715F44CED00E02764 /* WMWheelItem.m */,
				F10565B3157E312F009D4C31 /* TRItemsPanel.h */,
				F10565B4157E312F009D4C31 /* TRItemsPanel.m */,
				F115B51915A5750800D81272 /* TRItem.h */,
				F115B51A15A5750800D81272 /* TRItem.m */,
				F1773D5A15AAC215008DFA34 /* TRItemsPanelLayout.h */,
				F1773D5B15AAC215008DFA34 /* TRItemsPanelLayout.m */,
			);
			name = View;
			sourceTree = "<group>";
		};
		F19E1401157CA41100B49AE5 = {
			isa = PBXGroup;
			children = (
				F19E144C157CAA0B00B49AE5 /* Resource */,
				F19E144A157CA67500B49AE5 /* Configuration */,
				F19E1418157CA41100B49AE5 /* TechRadar */,
				F19E1434157CA41100B49AE5 /* TechRadarTests */,
				F19E140F157CA41100B49AE5 /* Frameworks */,
				F19E140D157CA41100B49AE5 /* Products */,
			);
			sourceTree = "<group>";
		};
		F19E140D157CA41100B49AE5 /* Products */ = {
			isa = PBXGroup;
			children = (
				F19E140C157CA41100B49AE5 /* TechRadar.app */,
				F19E142C157CA41100B49AE5 /* TechRadarTests.octest */,
			);
			name = Products;
			sourceTree = "<group>";
		};
		F19E140F157CA41100B49AE5 /* Frameworks */ = {
			isa = PBXGroup;
			children = (
				F10565B6157E325D009D4C31 /* QuartzCore.framework */,
				F19E1410157CA41100B49AE5 /* UIKit.framework */,
				F19E1412157CA41100B49AE5 /* Foundation.framework */,
				F19E1414157CA41100B49AE5 /* CoreGraphics.framework */,
				F19E1416157CA41100B49AE5 /* CoreData.framework */,
				F19E142D157CA41100B49AE5 /* SenTestingKit.framework */,
			);
			name = Frameworks;
			sourceTree = "<group>";
		};
		F19E1418157CA41100B49AE5 /* TechRadar */ = {
			isa = PBXGroup;
			children = (
				4977E8D315839702007A7E52 /* Domain */,
				F10565B2157E30FC009D4C31 /* View */,
				492BCD71157CED34003A8CF7 /* Controller */,
				F19E144B157CA92100B49AE5 /* Application */,
				F19E1424157CA41100B49AE5 /* TechRadar.xcdatamodeld */,
				F19E1419157CA41100B49AE5 /* Supporting Files */,
			);
			path = TechRadar;
			sourceTree = "<group>";
		};
		F19E1419157CA41100B49AE5 /* Supporting Files */ = {
			isa = PBXGroup;
			children = (
				F19E141A157CA41100B49AE5 /* TechRadar-Info.plist */,
				F19E141B157CA41100B49AE5 /* InfoPlist.strings */,
				F19E141E157CA41100B49AE5 /* main.m */,
				F19E1420157CA41100B49AE5 /* TechRadar-Prefix.pch */,
			);
			name = "Supporting Files";
			sourceTree = "<group>";
		};
		F19E1434157CA41100B49AE5 /* TechRadarTests */ = {
			isa = PBXGroup;
			children = (
				F19E143A157CA41100B49AE5 /* TechRadarTests.h */,
				F19E143B157CA41100B49AE5 /* TechRadarTests.m */,
				F19E1435157CA41100B49AE5 /* Supporting Files */,
			);
			path = TechRadarTests;
			sourceTree = "<group>";
		};
		F19E1435157CA41100B49AE5 /* Supporting Files */ = {
			isa = PBXGroup;
			children = (
				F19E1436157CA41100B49AE5 /* TechRadarTests-Info.plist */,
				F19E1437157CA41100B49AE5 /* InfoPlist.strings */,
			);
			name = "Supporting Files";
			sourceTree = "<group>";
		};
		F19E144A157CA67500B49AE5 /* Configuration */ = {
			isa = PBXGroup;
			children = (
				F149E90F157CBB04006099C3 /* Debug.xcconfig */,
				F149E910157CBB10006099C3 /* Release.xcconfig */,
				F149E911157CBB1C006099C3 /* Shared.xcconfig */,
			);
			path = Configuration;
			sourceTree = "<group>";
		};
		F19E144B157CA92100B49AE5 /* Application */ = {
			isa = PBXGroup;
			children = (
				F19E1421157CA41100B49AE5 /* TechRadarAppDelegate.h */,
				F19E1422157CA41100B49AE5 /* TechRadarAppDelegate.m */,
			);
			name = Application;
			sourceTree = "<group>";
		};
		F19E144C157CAA0B00B49AE5 /* Resource */ = {
			isa = PBXGroup;
			children = (
				49B2FFDE15F49F9D0094E45A /* naviboard half circle.png */,
				49B2FFDB15F49F930094E45A /* wheel_front_control_panel.png */,
				F1C5BB5B15F44D4400E02764 /* wheel_background.png */,
				F1C5BB5C15F44D4400E02764 /* wheel_indicator.png */,
				F1C5BB5D15F44D4400E02764 /* wheel_overlay.png */,
				F1E5968715EB309B00C805E2 /* 1@2x */,
				F1E5968815EB309B00C805E2 /* 2@2x.png */,
				F1E5968915EB309B00C805E2 /* 3@2x.png */,
				F1E5968A15EB309B00C805E2 /* 4@2x.png */,
				F1E5967E15EB308600C805E2 /* 1 */,
				F1E5967F15EB308600C805E2 /* 2.png */,
				F1E5968015EB308600C805E2 /* 3.png */,
				F1E5968115EB308600C805E2 /* 4.png */,
				F147A4C115DE4861004C4ACC /* arrow.png */,
				F147A4C215DE4861004C4ACC /* background.png */,
				F147A4C315DE4861004C4ACC /* naviboard.png */,
				F147A4BB15DE47C7004C4ACC /* arrow@2x.png */,
				F147A4BC15DE47C7004C4ACC /* background@2x.png */,
				F147A4BD15DE47C7004C4ACC /* naviboard@2x.png */,
				F130F3131590B78D00E27F0D /* shining.png */,
				492BCD7C157DB727003A8CF7 /* btn_central_button.png */,
				F19E1451157CAC2C00B49AE5 /* icon_app.png */,
				F19E1452157CAC2C00B49AE5 /* icon_app@2x.png */,
			);
			path = Resource;
			sourceTree = "<group>";
		};
/* End PBXGroup section */

/* Begin PBXNativeTarget section */
		F19E140B157CA41100B49AE5 /* TechRadar */ = {
			isa = PBXNativeTarget;
			buildConfigurationList = F19E143F157CA41100B49AE5 /* Build configuration list for PBXNativeTarget "TechRadar" */;
			buildPhases = (
				F19E1408157CA41100B49AE5 /* Sources */,
				F19E1409157CA41100B49AE5 /* Frameworks */,
				F19E140A157CA41100B49AE5 /* Resources */,
			);
			buildRules = (
			);
			dependencies = (
			);
			name = TechRadar;
			productName = TechRadar;
			productReference = F19E140C157CA41100B49AE5 /* TechRadar.app */;
			productType = "com.apple.product-type.application";
		};
		F19E142B157CA41100B49AE5 /* TechRadarTests */ = {
			isa = PBXNativeTarget;
			buildConfigurationList = F19E1442157CA41100B49AE5 /* Build configuration list for PBXNativeTarget "TechRadarTests" */;
			buildPhases = (
				F19E1427157CA41100B49AE5 /* Sources */,
				F19E1428157CA41100B49AE5 /* Frameworks */,
				F19E1429157CA41100B49AE5 /* Resources */,
				F19E142A157CA41100B49AE5 /* ShellScript */,
			);
			buildRules = (
			);
			dependencies = (
				F19E1433157CA41100B49AE5 /* PBXTargetDependency */,
			);
			name = TechRadarTests;
			productName = TechRadarTests;
			productReference = F19E142C157CA41100B49AE5 /* TechRadarTests.octest */;
			productType = "com.apple.product-type.bundle";
		};
/* End PBXNativeTarget section */

/* Begin PBXProject section */
		F19E1403157CA41100B49AE5 /* Project object */ = {
			isa = PBXProject;
			attributes = {
				CLASSPREFIX = TR;
				LastUpgradeCheck = 0430;
				ORGANIZATIONNAME = ThoughtWorks;
			};
			buildConfigurationList = F19E1406157CA41100B49AE5 /* Build configuration list for PBXProject "TechRadar" */;
			compatibilityVersion = "Xcode 3.2";
			developmentRegion = English;
			hasScannedForEncodings = 0;
			knownRegions = (
				en,
			);
			mainGroup = F19E1401157CA41100B49AE5;
			productRefGroup = F19E140D157CA41100B49AE5 /* Products */;
			projectDirPath = "";
			projectRoot = "";
			targets = (
				F19E140B157CA41100B49AE5 /* TechRadar */,
				F19E142B157CA41100B49AE5 /* TechRadarTests */,
			);
		};
/* End PBXProject section */

/* Begin PBXResourcesBuildPhase section */
		F19E140A157CA41100B49AE5 /* Resources */ = {
			isa = PBXResourcesBuildPhase;
			buildActionMask = 2147483647;
			files = (
				F19E141D157CA41100B49AE5 /* InfoPlist.strings in Resources */,
				F19E1453157CAC2C00B49AE5 /* icon_app.png in Resources */,
				F19E1454157CAC2C00B49AE5 /* icon_app@2x.png in Resources */,
				492BCD7D157DB727003A8CF7 /* btn_central_button.png in Resources */,
				F130F3141590B78D00E27F0D /* shining.png in Resources */,
				F147A4BE15DE47C7004C4ACC /* arrow@2x.png in Resources */,
				F147A4BF15DE47C7004C4ACC /* background@2x.png in Resources */,
				F147A4C015DE47C7004C4ACC /* naviboard@2x.png in Resources */,
				F147A4C415DE4861004C4ACC /* arrow.png in Resources */,
				F147A4C515DE4861004C4ACC /* background.png in Resources */,
				F147A4C615DE4861004C4ACC /* naviboard.png in Resources */,
				F1E5968215EB308600C805E2 /* 1 in Resources */,
				F1E5968315EB308600C805E2 /* 2.png in Resources */,
				F1E5968415EB308600C805E2 /* 3.png in Resources */,
				F1E5968515EB308600C805E2 /* 4.png in Resources */,
				F1E5968B15EB309B00C805E2 /* 1@2x in Resources */,
				F1E5968C15EB309B00C805E2 /* 2@2x.png in Resources */,
				F1E5968D15EB309B00C805E2 /* 3@2x.png in Resources */,
				F1E5968E15EB309B00C805E2 /* 4@2x.png in Resources */,
				F1C5BB5E15F44D4400E02764 /* wheel_background.png in Resources */,
				F1C5BB5F15F44D4400E02764 /* wheel_indicator.png in Resources */,
				F1C5BB6015F44D4400E02764 /* wheel_overlay.png in Resources */,
				49B2FFDC15F49F940094E45A /* wheel_front_control_panel.png in Resources */,
				49B2FFDF15F49F9D0094E45A /* naviboard half circle.png in Resources */,
			);
			runOnlyForDeploymentPostprocessing = 0;
		};
		F19E1429157CA41100B49AE5 /* Resources */ = {
			isa = PBXResourcesBuildPhase;
			buildActionMask = 2147483647;
			files = (
				F19E1439157CA41100B49AE5 /* InfoPlist.strings in Resources */,
			);
			runOnlyForDeploymentPostprocessing = 0;
		};
/* End PBXResourcesBuildPhase section */

/* Begin PBXShellScriptBuildPhase section */
		F19E142A157CA41100B49AE5 /* ShellScript */ = {
			isa = PBXShellScriptBuildPhase;
			buildActionMask = 2147483647;
			files = (
			);
			inputPaths = (
			);
			outputPaths = (
			);
			runOnlyForDeploymentPostprocessing = 0;
			shellPath = /bin/sh;
			shellScript = "# Run the unit tests in this test bundle.\n\"${SYSTEM_DEVELOPER_DIR}/Tools/RunUnitTests\"\n";
		};
/* End PBXShellScriptBuildPhase section */

/* Begin PBXSourcesBuildPhase section */
		F19E1408157CA41100B49AE5 /* Sources */ = {
			isa = PBXSourcesBuildPhase;
			buildActionMask = 2147483647;
			files = (
				F19E141F157CA41100B49AE5 /* main.m in Sources */,
				F19E1423157CA41100B49AE5 /* TechRadarAppDelegate.m in Sources */,
				F19E1426157CA41100B49AE5 /* TechRadar.xcdatamodeld in Sources */,
				F10565B0157E2DAE009D4C31 /* TRItemsViewController.m in Sources */,
				F10565B5157E312F009D4C31 /* TRItemsPanel.m in Sources */,
				4977E9481585C47A007A7E52 /* TechRadarContent.m in Sources */,
				F1DDF2C515860780007F0412 /* TRMainViewController.m in Sources */,
				F115B51B15A5750800D81272 /* TRItem.m in Sources */,
				F1773D5C15AAC215008DFA34 /* TRItemsPanelLayout.m in Sources */,
				F1C5BB5815F44CED00E02764 /* WMWheel.m in Sources */,
				F1C5BB5915F44CED00E02764 /* WMWheelItem.m in Sources */,
			);
			runOnlyForDeploymentPostprocessing = 0;
		};
		F19E1427157CA41100B49AE5 /* Sources */ = {
			isa = PBXSourcesBuildPhase;
			buildActionMask = 2147483647;
			files = (
				F19E143C157CA41100B49AE5 /* TechRadarTests.m in Sources */,
			);
			runOnlyForDeploymentPostprocessing = 0;
		};
/* End PBXSourcesBuildPhase section */

/* Begin PBXTargetDependency section */
		F19E1433157CA41100B49AE5 /* PBXTargetDependency */ = {
			isa = PBXTargetDependency;
			target = F19E140B157CA41100B49AE5 /* TechRadar */;
			targetProxy = F19E1432157CA41100B49AE5 /* PBXContainerItemProxy */;
		};
/* End PBXTargetDependency section */

/* Begin PBXVariantGroup section */
		F19E141B157CA41100B49AE5 /* InfoPlist.strings */ = {
			isa = PBXVariantGroup;
			children = (
				F19E141C157CA41100B49AE5 /* en */,
			);
			name = InfoPlist.strings;
			sourceTree = "<group>";
		};
		F19E1437157CA41100B49AE5 /* InfoPlist.strings */ = {
			isa = PBXVariantGroup;
			children = (
				F19E1438157CA41100B49AE5 /* en */,
			);
			name = InfoPlist.strings;
			sourceTree = "<group>";
		};
/* End PBXVariantGroup section */

/* Begin XCBuildConfiguration section */
		F19E143D157CA41100B49AE5 /* Debug */ = {
			isa = XCBuildConfiguration;
			baseConfigurationReference = F149E90F157CBB04006099C3 /* Debug.xcconfig */;
			buildSettings = {
				IPHONEOS_DEPLOYMENT_TARGET = 5.0;
			};
			name = Debug;
		};
		F19E143E157CA41100B49AE5 /* Release */ = {
			isa = XCBuildConfiguration;
			baseConfigurationReference = F149E910157CBB10006099C3 /* Release.xcconfig */;
			buildSettings = {
				IPHONEOS_DEPLOYMENT_TARGET = 5.0;
			};
			name = Release;
		};
		F19E1440157CA41100B49AE5 /* Debug */ = {
			isa = XCBuildConfiguration;
			buildSettings = {
			};
			name = Debug;
		};
		F19E1441157CA41100B49AE5 /* Release */ = {
			isa = XCBuildConfiguration;
			buildSettings = {
			};
			name = Release;
		};
		F19E1443157CA41100B49AE5 /* Debug */ = {
			isa = XCBuildConfiguration;
			buildSettings = {
				BUNDLE_LOADER = "$(BUILT_PRODUCTS_DIR)/TechRadar.app/TechRadar";
				FRAMEWORK_SEARCH_PATHS = (
					"$(SDKROOT)/Developer/Library/Frameworks",
					"$(DEVELOPER_LIBRARY_DIR)/Frameworks",
				);
				GCC_PRECOMPILE_PREFIX_HEADER = YES;
				GCC_PREFIX_HEADER = "TechRadar/TechRadar-Prefix.pch";
				INFOPLIST_FILE = "TechRadarTests/TechRadarTests-Info.plist";
				PRODUCT_NAME = "$(TARGET_NAME)";
				TEST_HOST = "$(BUNDLE_LOADER)";
				WRAPPER_EXTENSION = octest;
			};
			name = Debug;
		};
		F19E1444157CA41100B49AE5 /* Release */ = {
			isa = XCBuildConfiguration;
			buildSettings = {
				BUNDLE_LOADER = "$(BUILT_PRODUCTS_DIR)/TechRadar.app/TechRadar";
				FRAMEWORK_SEARCH_PATHS = (
					"$(SDKROOT)/Developer/Library/Frameworks",
					"$(DEVELOPER_LIBRARY_DIR)/Frameworks",
				);
				GCC_PRECOMPILE_PREFIX_HEADER = YES;
				GCC_PREFIX_HEADER = "TechRadar/TechRadar-Prefix.pch";
				INFOPLIST_FILE = "TechRadarTests/TechRadarTests-Info.plist";
				PRODUCT_NAME = "$(TARGET_NAME)";
				TEST_HOST = "$(BUNDLE_LOADER)";
				WRAPPER_EXTENSION = octest;
			};
			name = Release;
		};
/* End XCBuildConfiguration section */

/* Begin XCConfigurationList section */
		F19E1406157CA41100B49AE5 /* Build configuration list for PBXProject "TechRadar" */ = {
			isa = XCConfigurationList;
			buildConfigurations = (
				F19E143D157CA41100B49AE5 /* Debug */,
				F19E143E157CA41100B49AE5 /* Release */,
			);
			defaultConfigurationIsVisible = 0;
			defaultConfigurationName = Release;
		};
		F19E143F157CA41100B49AE5 /* Build configuration list for PBXNativeTarget "TechRadar" */ = {
			isa = XCConfigurationList;
			buildConfigurations = (
				F19E1440157CA41100B49AE5 /* Debug */,
				F19E1441157CA41100B49AE5 /* Release */,
			);
			defaultConfigurationIsVisible = 0;
			defaultConfigurationName = Release;
		};
		F19E1442157CA41100B49AE5 /* Build configuration list for PBXNativeTarget "TechRadarTests" */ = {
			isa = XCConfigurationList;
			buildConfigurations = (
				F19E1443157CA41100B49AE5 /* Debug */,
				F19E1444157CA41100B49AE5 /* Release */,
			);
			defaultConfigurationIsVisible = 0;
			defaultConfigurationName = Release;
		};
/* End XCConfigurationList section */

/* Begin XCVersionGroup section */
		F19E1424157CA41100B49AE5 /* TechRadar.xcdatamodeld */ = {
			isa = XCVersionGroup;
			children = (
				F19E1425157CA41100B49AE5 /* TechRadar.xcdatamodel */,
			);
			currentVersion = F19E1425157CA41100B49AE5 /* TechRadar.xcdatamodel */;
			path = TechRadar.xcdatamodeld;
			sourceTree = "<group>";
			versionGroupType = wrapper.xcdatamodel;
		};
/* End XCVersionGroup section */
	};
	rootObject = F19E1403157CA41100B49AE5 /* Project object */;
}
